
Microsoft Visual Studio Solution File, Format Version 12.00
# Visual Studio Version 17
VisualStudioVersion = 17.9.34728.123
MinimumVisualStudioVersion = 10.0.40219.1
Project("{FAE04EC0-301F-11D3-BF4B-00C04F79EFBC}") = "prueba4Ev", "prueba4Ev\prueba4Ev.csproj", "{2FB57E31-FBDD-4A07-AE44-9E017AA6B1AB}"
EndProject
Global
	GlobalSection(SolutionConfigurationPlatforms) = preSolution
		Debug|Any CPU = Debug|Any CPU
		Release|Any CPU = Release|Any CPU
	EndGlobalSection
	GlobalSection(ProjectConfigurationPlatforms) = postSolution
		{2FB57E31-FBDD-4A07-AE44-9E017AA6B1AB}.Debug|Any CPU.ActiveCfg = Debug|Any CPU
		{2FB57E31-FBDD-4A07-AE44-9E017AA6B1AB}.Debug|Any CPU.Build.0 = Debug|Any CPU
		{2FB57E31-FBDD-4A07-AE44-9E017AA6B1AB}.Release|Any CPU.ActiveCfg = Release|Any CPU
		{2FB57E31-FBDD-4A07-AE44-9E017AA6B1AB}.Release|Any CPU.Build.0 = Release|Any CPU
	EndGlobalSection
	GlobalSection(SolutionProperties) = preSolution
		HideSolutionNode = FALSE
	EndGlobalSection
	GlobalSection(ExtensibilityGlobals) = postSolution
		SolutionGuid = {425839AB-32D5-4341-B6C1-83884213C183}
	EndGlobalSection
EndGlobal
